// !$*UTF8*$!
{
	archiveVersion = 1;
	classes = {
	};
	objectVersion = 56;
	objects = {

/* Begin PBXBuildFile section */
		C907165C2C512BFC00A7CF55 /* AppDelegate.swift in Sources */ = {isa = PBXBuildFile; fileRef = C907165B2C512BFC00A7CF55 /* AppDelegate.swift */; };
		C907165E2C512BFC00A7CF55 /* SceneDelegate.swift in Sources */ = {isa = PBXBuildFile; fileRef = C907165D2C512BFC00A7CF55 /* SceneDelegate.swift */; };
		C90716652C512C0100A7CF55 /* Assets.xcassets in Resources */ = {isa = PBXBuildFile; fileRef = C90716642C512C0100A7CF55 /* Assets.xcassets */; };
		C90716682C512C0100A7CF55 /* Base in Resources */ = {isa = PBXBuildFile; fileRef = C90716672C512C0100A7CF55 /* Base */; };
		C90716702C513F2900A7CF55 /* SearchVC.swift in Sources */ = {isa = PBXBuildFile; fileRef = C907166F2C513F2900A7CF55 /* SearchVC.swift */; };
		C90716722C513F3E00A7CF55 /* FavoritesListVC.swift in Sources */ = {isa = PBXBuildFile; fileRef = C90716712C513F3E00A7CF55 /* FavoritesListVC.swift */; };
		C90716742C519EB200A7CF55 /* GFButton.swift in Sources */ = {isa = PBXBuildFile; fileRef = C90716732C519EB200A7CF55 /* GFButton.swift */; };
		C90716762C51A04300A7CF55 /* GFTextField.swift in Sources */ = {isa = PBXBuildFile; fileRef = C90716752C51A04300A7CF55 /* GFTextField.swift */; };
		C90716782C51B9AF00A7CF55 /* FollowerListVC.swift in Sources */ = {isa = PBXBuildFile; fileRef = C90716772C51B9AF00A7CF55 /* FollowerListVC.swift */; };
		C90C360C2C55AEA70012C41C /* UIHelper.swift in Sources */ = {isa = PBXBuildFile; fileRef = C90C360B2C55AEA70012C41C /* UIHelper.swift */; };
		C9118CA62C53E959002DEE79 /* NetworkManager.swift in Sources */ = {isa = PBXBuildFile; fileRef = C9118CA52C53E959002DEE79 /* NetworkManager.swift */; };
		C9118CA92C53F899002DEE79 /* ErrorMessage.swift in Sources */ = {isa = PBXBuildFile; fileRef = C9118CA82C53F899002DEE79 /* ErrorMessage.swift */; };
		C9118CAC2C541081002DEE79 /* GFAvatarImageView.swift in Sources */ = {isa = PBXBuildFile; fileRef = C9118CAB2C541081002DEE79 /* GFAvatarImageView.swift */; };
		C9118CAE2C541264002DEE79 /* FollowerCell.swift in Sources */ = {isa = PBXBuildFile; fileRef = C9118CAD2C541264002DEE79 /* FollowerCell.swift */; };
		C948C9222C528BB300909D8C /* GFTitleLabel.swift in Sources */ = {isa = PBXBuildFile; fileRef = C948C9212C528BB300909D8C /* GFTitleLabel.swift */; };
		C948C9242C528D1000909D8C /* GFBodyLabel.swift in Sources */ = {isa = PBXBuildFile; fileRef = C948C9232C528D1000909D8C /* GFBodyLabel.swift */; };
		C948C9262C528EEE00909D8C /* GFAlertVC.swift in Sources */ = {isa = PBXBuildFile; fileRef = C948C9252C528EEE00909D8C /* GFAlertVC.swift */; };
		C948C9282C52A1DA00909D8C /* UIViewController+Ext.swift in Sources */ = {isa = PBXBuildFile; fileRef = C948C9272C52A1DA00909D8C /* UIViewController+Ext.swift */; };
		C948C92F2C532A0300909D8C /* Follower.swift in Sources */ = {isa = PBXBuildFile; fileRef = C948C92E2C532A0300909D8C /* Follower.swift */; };
		C948C9312C532A9700909D8C /* User.swift in Sources */ = {isa = PBXBuildFile; fileRef = C948C9302C532A9700909D8C /* User.swift */; };
/* End PBXBuildFile section */

/* Begin PBXFileReference section */
		C90716582C512BFC00A7CF55 /* GithubFollowers.app */ = {isa = PBXFileReference; explicitFileType = wrapper.application; includeInIndex = 0; path = GithubFollowers.app; sourceTree = BUILT_PRODUCTS_DIR; };
		C907165B2C512BFC00A7CF55 /* AppDelegate.swift */ = {isa = PBXFileReference; lastKnownFileType = sourcecode.swift; path = AppDelegate.swift; sourceTree = "<group>"; };
		C907165D2C512BFC00A7CF55 /* SceneDelegate.swift */ = {isa = PBXFileReference; lastKnownFileType = sourcecode.swift; path = SceneDelegate.swift; sourceTree = "<group>"; };
		C90716642C512C0100A7CF55 /* Assets.xcassets */ = {isa = PBXFileReference; lastKnownFileType = folder.assetcatalog; path = Assets.xcassets; sourceTree = "<group>"; };
		C90716672C512C0100A7CF55 /* Base */ = {isa = PBXFileReference; lastKnownFileType = file.storyboard; name = Base; path = Base.lproj/LaunchScreen.storyboard; sourceTree = "<group>"; };
		C90716692C512C0100A7CF55 /* Info.plist */ = {isa = PBXFileReference; lastKnownFileType = text.plist.xml; path = Info.plist; sourceTree = "<group>"; };
		C907166F2C513F2900A7CF55 /* SearchVC.swift */ = {isa = PBXFileReference; lastKnownFileType = sourcecode.swift; path = SearchVC.swift; sourceTree = "<group>"; };
		C90716712C513F3E00A7CF55 /* FavoritesListVC.swift */ = {isa = PBXFileReference; lastKnownFileType = sourcecode.swift; path = FavoritesListVC.swift; sourceTree = "<group>"; };
		C90716732C519EB200A7CF55 /* GFButton.swift */ = {isa = PBXFileReference; lastKnownFileType = sourcecode.swift; path = GFButton.swift; sourceTree = "<group>"; };
		C90716752C51A04300A7CF55 /* GFTextField.swift */ = {isa = PBXFileReference; lastKnownFileType = sourcecode.swift; path = GFTextField.swift; sourceTree = "<group>"; };
		C90716772C51B9AF00A7CF55 /* FollowerListVC.swift */ = {isa = PBXFileReference; lastKnownFileType = sourcecode.swift; path = FollowerListVC.swift; sourceTree = "<group>"; };
		C90C360B2C55AEA70012C41C /* UIHelper.swift */ = {isa = PBXFileReference; lastKnownFileType = sourcecode.swift; path = UIHelper.swift; sourceTree = "<group>"; };
		C9118CA52C53E959002DEE79 /* NetworkManager.swift */ = {isa = PBXFileReference; lastKnownFileType = sourcecode.swift; path = NetworkManager.swift; sourceTree = "<group>"; };
		C9118CA82C53F899002DEE79 /* ErrorMessage.swift */ = {isa = PBXFileReference; lastKnownFileType = sourcecode.swift; path = ErrorMessage.swift; sourceTree = "<group>"; };
		C9118CAB2C541081002DEE79 /* GFAvatarImageView.swift */ = {isa = PBXFileReference; lastKnownFileType = sourcecode.swift; path = GFAvatarImageView.swift; sourceTree = "<group>"; };
		C9118CAD2C541264002DEE79 /* FollowerCell.swift */ = {isa = PBXFileReference; lastKnownFileType = sourcecode.swift; path = FollowerCell.swift; sourceTree = "<group>"; };
		C948C9212C528BB300909D8C /* GFTitleLabel.swift */ = {isa = PBXFileReference; lastKnownFileType = sourcecode.swift; path = GFTitleLabel.swift; sourceTree = "<group>"; };
		C948C9232C528D1000909D8C /* GFBodyLabel.swift */ = {isa = PBXFileReference; lastKnownFileType = sourcecode.swift; path = GFBodyLabel.swift; sourceTree = "<group>"; };
		C948C9252C528EEE00909D8C /* GFAlertVC.swift */ = {isa = PBXFileReference; lastKnownFileType = sourcecode.swift; path = GFAlertVC.swift; sourceTree = "<group>"; };
		C948C9272C52A1DA00909D8C /* UIViewController+Ext.swift */ = {isa = PBXFileReference; lastKnownFileType = sourcecode.swift; path = "UIViewController+Ext.swift"; sourceTree = "<group>"; };
		C948C92E2C532A0300909D8C /* Follower.swift */ = {isa = PBXFileReference; lastKnownFileType = sourcecode.swift; path = Follower.swift; sourceTree = "<group>"; };
		C948C9302C532A9700909D8C /* User.swift */ = {isa = PBXFileReference; lastKnownFileType = sourcecode.swift; path = User.swift; sourceTree = "<group>"; };
/* End PBXFileReference section */

/* Begin PBXFrameworksBuildPhase section */
		C90716552C512BFC00A7CF55 /* Frameworks */ = {
			isa = PBXFrameworksBuildPhase;
			buildActionMask = 2147483647;
			files = (
			);
			runOnlyForDeploymentPostprocessing = 0;
		};
/* End PBXFrameworksBuildPhase section */

/* Begin PBXGroup section */
		C907164F2C512BFC00A7CF55 = {
			isa = PBXGroup;
			children = (
				C907165A2C512BFC00A7CF55 /* GithubFollowers */,
				C90716592C512BFC00A7CF55 /* Products */,
			);
			sourceTree = "<group>";
		};
		C90716592C512BFC00A7CF55 /* Products */ = {
			isa = PBXGroup;
			children = (
				C90716582C512BFC00A7CF55 /* GithubFollowers.app */,
			);
			name = Products;
			sourceTree = "<group>";
		};
		C907165A2C512BFC00A7CF55 /* GithubFollowers */ = {
			isa = PBXGroup;
			children = (
				C9118CA72C53F882002DEE79 /* Utilities */,
				C9118CA42C53E945002DEE79 /* Managers */,
				C948C92D2C5329F100909D8C /* Model */,
				C948C92C2C52B11C00909D8C /* Extensions */,
				C948C9292C52B0CA00909D8C /* Screens */,
				C948C92A2C52B0E000909D8C /* Custom Views */,
				C948C92B2C52B0FC00909D8C /* Support */,
				C90716692C512C0100A7CF55 /* Info.plist */,
			);
			path = GithubFollowers;
			sourceTree = "<group>";
		};
		C9118CA42C53E945002DEE79 /* Managers */ = {
			isa = PBXGroup;
			children = (
				C9118CA52C53E959002DEE79 /* NetworkManager.swift */,
			);
			path = Managers;
			sourceTree = "<group>";
		};
		C9118CA72C53F882002DEE79 /* Utilities */ = {
			isa = PBXGroup;
			children = (
				C9118CA82C53F899002DEE79 /* ErrorMessage.swift */,
				C90C360B2C55AEA70012C41C /* UIHelper.swift */,
			);
			path = Utilities;
			sourceTree = "<group>";
		};
		C9118CAA2C541043002DEE79 /* Cells */ = {
			isa = PBXGroup;
			children = (
				C9118CAD2C541264002DEE79 /* FollowerCell.swift */,
			);
			path = Cells;
			sourceTree = "<group>";
		};
		C948C9292C52B0CA00909D8C /* Screens */ = {
			isa = PBXGroup;
			children = (
				C907166F2C513F2900A7CF55 /* SearchVC.swift */,
				C90716772C51B9AF00A7CF55 /* FollowerListVC.swift */,
				C90716712C513F3E00A7CF55 /* FavoritesListVC.swift */,
			);
			path = Screens;
			sourceTree = "<group>";
		};
		C948C92A2C52B0E000909D8C /* Custom Views */ = {
			isa = PBXGroup;
			children = (
				C9118CAA2C541043002DEE79 /* Cells */,
				C948C9212C528BB300909D8C /* GFTitleLabel.swift */,
				C948C9232C528D1000909D8C /* GFBodyLabel.swift */,
				C948C9252C528EEE00909D8C /* GFAlertVC.swift */,
				C90716732C519EB200A7CF55 /* GFButton.swift */,
				C90716752C51A04300A7CF55 /* GFTextField.swift */,
				C9118CAB2C541081002DEE79 /* GFAvatarImageView.swift */,
			);
			path = "Custom Views";
			sourceTree = "<group>";
		};
		C948C92B2C52B0FC00909D8C /* Support */ = {
			isa = PBXGroup;
			children = (
				C907165B2C512BFC00A7CF55 /* AppDelegate.swift */,
				C907165D2C512BFC00A7CF55 /* SceneDelegate.swift */,
				C90716642C512C0100A7CF55 /* Assets.xcassets */,
				C90716662C512C0100A7CF55 /* LaunchScreen.storyboard */,
			);
			path = Support;
			sourceTree = "<group>";
		};
		C948C92C2C52B11C00909D8C /* Extensions */ = {
			isa = PBXGroup;
			children = (
				C948C9272C52A1DA00909D8C /* UIViewController+Ext.swift */,
			);
			path = Extensions;
			sourceTree = "<group>";
		};
		C948C92D2C5329F100909D8C /* Model */ = {
			isa = PBXGroup;
			children = (
				C948C92E2C532A0300909D8C /* Follower.swift */,
				C948C9302C532A9700909D8C /* User.swift */,
			);
			path = Model;
			sourceTree = "<group>";
		};
/* End PBXGroup section */

/* Begin PBXNativeTarget section */
		C90716572C512BFC00A7CF55 /* GithubFollowers */ = {
			isa = PBXNativeTarget;
			buildConfigurationList = C907166C2C512C0100A7CF55 /* Build configuration list for PBXNativeTarget "GithubFollowers" */;
			buildPhases = (
				C90716542C512BFC00A7CF55 /* Sources */,
				C90716552C512BFC00A7CF55 /* Frameworks */,
				C90716562C512BFC00A7CF55 /* Resources */,
			);
			buildRules = (
			);
			dependencies = (
			);
			name = GithubFollowers;
			productName = GithubFollowers;
			productReference = C90716582C512BFC00A7CF55 /* GithubFollowers.app */;
			productType = "com.apple.product-type.application";
		};
/* End PBXNativeTarget section */

/* Begin PBXProject section */
		C90716502C512BFC00A7CF55 /* Project object */ = {
			isa = PBXProject;
			attributes = {
				BuildIndependentTargetsInParallel = 1;
				LastSwiftUpdateCheck = 1540;
				LastUpgradeCheck = 1540;
				TargetAttributes = {
					C90716572C512BFC00A7CF55 = {
						CreatedOnToolsVersion = 15.4;
					};
				};
			};
			buildConfigurationList = C90716532C512BFC00A7CF55 /* Build configuration list for PBXProject "GithubFollowers" */;
			compatibilityVersion = "Xcode 14.0";
			developmentRegion = en;
			hasScannedForEncodings = 0;
			knownRegions = (
				en,
				Base,
			);
			mainGroup = C907164F2C512BFC00A7CF55;
			productRefGroup = C90716592C512BFC00A7CF55 /* Products */;
			projectDirPath = "";
			projectRoot = "";
			targets = (
				C90716572C512BFC00A7CF55 /* GithubFollowers */,
			);
		};
/* End PBXProject section */

/* Begin PBXResourcesBuildPhase section */
		C90716562C512BFC00A7CF55 /* Resources */ = {
			isa = PBXResourcesBuildPhase;
			buildActionMask = 2147483647;
			files = (
				C90716652C512C0100A7CF55 /* Assets.xcassets in Resources */,
				C90716682C512C0100A7CF55 /* Base in Resources */,
			);
			runOnlyForDeploymentPostprocessing = 0;
		};
/* End PBXResourcesBuildPhase section */

/* Begin PBXSourcesBuildPhase section */
		C90716542C512BFC00A7CF55 /* Sources */ = {
			isa = PBXSourcesBuildPhase;
			buildActionMask = 2147483647;
			files = (
				C948C9312C532A9700909D8C /* User.swift in Sources */,
				C90716762C51A04300A7CF55 /* GFTextField.swift in Sources */,
				C90716702C513F2900A7CF55 /* SearchVC.swift in Sources */,
				C90716742C519EB200A7CF55 /* GFButton.swift in Sources */,
				C948C9282C52A1DA00909D8C /* UIViewController+Ext.swift in Sources */,
				C90C360C2C55AEA70012C41C /* UIHelper.swift in Sources */,
				C90716722C513F3E00A7CF55 /* FavoritesListVC.swift in Sources */,
				C948C9262C528EEE00909D8C /* GFAlertVC.swift in Sources */,
				C9118CAE2C541264002DEE79 /* FollowerCell.swift in Sources */,
				C9118CA92C53F899002DEE79 /* ErrorMessage.swift in Sources */,
				C948C9242C528D1000909D8C /* GFBodyLabel.swift in Sources */,
				C948C92F2C532A0300909D8C /* Follower.swift in Sources */,
				C948C9222C528BB300909D8C /* GFTitleLabel.swift in Sources */,
				C9118CA62C53E959002DEE79 /* NetworkManager.swift in Sources */,
				C9118CAC2C541081002DEE79 /* GFAvatarImageView.swift in Sources */,
				C90716782C51B9AF00A7CF55 /* FollowerListVC.swift in Sources */,
				C907165C2C512BFC00A7CF55 /* AppDelegate.swift in Sources */,
				C907165E2C512BFC00A7CF55 /* SceneDelegate.swift in Sources */,
			);
			runOnlyForDeploymentPostprocessing = 0;
		};
/* End PBXSourcesBuildPhase section */

/* Begin PBXVariantGroup section */
		C90716662C512C0100A7CF55 /* LaunchScreen.storyboard */ = {
			isa = PBXVariantGroup;
			children = (
				C90716672C512C0100A7CF55 /* Base */,
			);
			name = LaunchScreen.storyboard;
			sourceTree = "<group>";
		};
/* End PBXVariantGroup section */

/* Begin XCBuildConfiguration section */
		C907166A2C512C0100A7CF55 /* Debug */ = {
			isa = XCBuildConfiguration;
			buildSettings = {
				ALWAYS_SEARCH_USER_PATHS = NO;
				ASSETCATALOG_COMPILER_GENERATE_SWIFT_ASSET_SYMBOL_EXTENSIONS = YES;
				CLANG_ANALYZER_NONNULL = YES;
				CLANG_ANALYZER_NUMBER_OBJECT_CONVERSION = YES_AGGRESSIVE;
				CLANG_CXX_LANGUAGE_STANDARD = "gnu++20";
				CLANG_ENABLE_MODULES = YES;
				CLANG_ENABLE_OBJC_ARC = YES;
				CLANG_ENABLE_OBJC_WEAK = YES;
				CLANG_WARN_BLOCK_CAPTURE_AUTORELEASING = YES;
				CLANG_WARN_BOOL_CONVERSION = YES;
				CLANG_WARN_COMMA = YES;
				CLANG_WARN_CONSTANT_CONVERSION = YES;
				CLANG_WARN_DEPRECATED_OBJC_IMPLEMENTATIONS = YES;
				CLANG_WARN_DIRECT_OBJC_ISA_USAGE = YES_ERROR;
				CLANG_WARN_DOCUMENTATION_COMMENTS = YES;
				CLANG_WARN_EMPTY_BODY = YES;
				CLANG_WARN_ENUM_CONVERSION = YES;
				CLANG_WARN_INFINITE_RECURSION = YES;
				CLANG_WARN_INT_CONVERSION = YES;
				CLANG_WARN_NON_LITERAL_NULL_CONVERSION = YES;
				CLANG_WARN_OBJC_IMPLICIT_RETAIN_SELF = YES;
				CLANG_WARN_OBJC_LITERAL_CONVERSION = YES;
				CLANG_WARN_OBJC_ROOT_CLASS = YES_ERROR;
				CLANG_WARN_QUOTED_INCLUDE_IN_FRAMEWORK_HEADER = YES;
				CLANG_WARN_RANGE_LOOP_ANALYSIS = YES;
				CLANG_WARN_STRICT_PROTOTYPES = YES;
				CLANG_WARN_SUSPICIOUS_MOVE = YES;
				CLANG_WARN_UNGUARDED_AVAILABILITY = YES_AGGRESSIVE;
				CLANG_WARN_UNREACHABLE_CODE = YES;
				CLANG_WARN__DUPLICATE_METHOD_MATCH = YES;
				COPY_PHASE_STRIP = NO;
				DEBUG_INFORMATION_FORMAT = dwarf;
				ENABLE_STRICT_OBJC_MSGSEND = YES;
				ENABLE_TESTABILITY = YES;
				ENABLE_USER_SCRIPT_SANDBOXING = YES;
				GCC_C_LANGUAGE_STANDARD = gnu17;
				GCC_DYNAMIC_NO_PIC = NO;
				GCC_NO_COMMON_BLOCKS = YES;
				GCC_OPTIMIZATION_LEVEL = 0;
				GCC_PREPROCESSOR_DEFINITIONS = (
					"DEBUG=1",
					"$(inherited)",
				);
				GCC_WARN_64_TO_32_BIT_CONVERSION = YES;
				GCC_WARN_ABOUT_RETURN_TYPE = YES_ERROR;
				GCC_WARN_UNDECLARED_SELECTOR = YES;
				GCC_WARN_UNINITIALIZED_AUTOS = YES_AGGRESSIVE;
				GCC_WARN_UNUSED_FUNCTION = YES;
				GCC_WARN_UNUSED_VARIABLE = YES;
				IPHONEOS_DEPLOYMENT_TARGET = 17.5;
				LOCALIZATION_PREFERS_STRING_CATALOGS = YES;
				MTL_ENABLE_DEBUG_INFO = INCLUDE_SOURCE;
				MTL_FAST_MATH = YES;
				ONLY_ACTIVE_ARCH = YES;
				SDKROOT = iphoneos;
				SWIFT_ACTIVE_COMPILATION_CONDITIONS = "DEBUG $(inherited)";
				SWIFT_OPTIMIZATION_LEVEL = "-Onone";
			};
			name = Debug;
		};
		C907166B2C512C0100A7CF55 /* Release */ = {
			isa = XCBuildConfiguration;
			buildSettings = {
				ALWAYS_SEARCH_USER_PATHS = NO;
				ASSETCATALOG_COMPILER_GENERATE_SWIFT_ASSET_SYMBOL_EXTENSIONS = YES;
				CLANG_ANALYZER_NONNULL = YES;
				CLANG_ANALYZER_NUMBER_OBJECT_CONVERSION = YES_AGGRESSIVE;
				CLANG_CXX_LANGUAGE_STANDARD = "gnu++20";
				CLANG_ENABLE_MODULES = YES;
				CLANG_ENABLE_OBJC_ARC = YES;
				CLANG_ENABLE_OBJC_WEAK = YES;
				CLANG_WARN_BLOCK_CAPTURE_AUTORELEASING = YES;
				CLANG_WARN_BOOL_CONVERSION = YES;
				CLANG_WARN_COMMA = YES;
				CLANG_WARN_CONSTANT_CONVERSION = YES;
				CLANG_WARN_DEPRECATED_OBJC_IMPLEMENTATIONS = YES;
				CLANG_WARN_DIRECT_OBJC_ISA_USAGE = YES_ERROR;
				CLANG_WARN_DOCUMENTATION_COMMENTS = YES;
				CLANG_WARN_EMPTY_BODY = YES;
				CLANG_WARN_ENUM_CONVERSION = YES;
				CLANG_WARN_INFINITE_RECURSION = YES;
				CLANG_WARN_INT_CONVERSION = YES;
				CLANG_WARN_NON_LITERAL_NULL_CONVERSION = YES;
				CLANG_WARN_OBJC_IMPLICIT_RETAIN_SELF = YES;
				CLANG_WARN_OBJC_LITERAL_CONVERSION = YES;
				CLANG_WARN_OBJC_ROOT_CLASS = YES_ERROR;
				CLANG_WARN_QUOTED_INCLUDE_IN_FRAMEWORK_HEADER = YES;
				CLANG_WARN_RANGE_LOOP_ANALYSIS = YES;
				CLANG_WARN_STRICT_PROTOTYPES = YES;
				CLANG_WARN_SUSPICIOUS_MOVE = YES;
				CLANG_WARN_UNGUARDED_AVAILABILITY = YES_AGGRESSIVE;
				CLANG_WARN_UNREACHABLE_CODE = YES;
				CLANG_WARN__DUPLICATE_METHOD_MATCH = YES;
				COPY_PHASE_STRIP = NO;
				DEBUG_INFORMATION_FORMAT = "dwarf-with-dsym";
				ENABLE_NS_ASSERTIONS = NO;
				ENABLE_STRICT_OBJC_MSGSEND = YES;
				ENABLE_USER_SCRIPT_SANDBOXING = YES;
				GCC_C_LANGUAGE_STANDARD = gnu17;
				GCC_NO_COMMON_BLOCKS = YES;
				GCC_WARN_64_TO_32_BIT_CONVERSION = YES;
				GCC_WARN_ABOUT_RETURN_TYPE = YES_ERROR;
				GCC_WARN_UNDECLARED_SELECTOR = YES;
				GCC_WARN_UNINITIALIZED_AUTOS = YES_AGGRESSIVE;
				GCC_WARN_UNUSED_FUNCTION = YES;
				GCC_WARN_UNUSED_VARIABLE = YES;
				IPHONEOS_DEPLOYMENT_TARGET = 17.5;
				LOCALIZATION_PREFERS_STRING_CATALOGS = YES;
				MTL_ENABLE_DEBUG_INFO = NO;
				MTL_FAST_MATH = YES;
				SDKROOT = iphoneos;
				SWIFT_COMPILATION_MODE = wholemodule;
				VALIDATE_PRODUCT = YES;
			};
			name = Release;
		};
		C907166D2C512C0100A7CF55 /* Debug */ = {
			isa = XCBuildConfiguration;
			buildSettings = {
				ASSETCATALOG_COMPILER_APPICON_NAME = AppIcon;
				ASSETCATALOG_COMPILER_GLOBAL_ACCENT_COLOR_NAME = AccentColor;
				CODE_SIGN_STYLE = Automatic;
				CURRENT_PROJECT_VERSION = 1;
				GENERATE_INFOPLIST_FILE = YES;
				INFOPLIST_FILE = GithubFollowers/Info.plist;
				INFOPLIST_KEY_UIApplicationSupportsIndirectInputEvents = YES;
				INFOPLIST_KEY_UILaunchStoryboardName = LaunchScreen;
				INFOPLIST_KEY_UISupportedInterfaceOrientations = UIInterfaceOrientationPortrait;
				LD_RUNPATH_SEARCH_PATHS = (
					"$(inherited)",
					"@executable_path/Frameworks",
				);
				MARKETING_VERSION = 1.0;
				PRODUCT_BUNDLE_IDENTIFIER = com.Moe.GithubFollowers;
				PRODUCT_NAME = "$(TARGET_NAME)";
				SUPPORTED_PLATFORMS = "iphoneos iphonesimulator";
				SUPPORTS_MACCATALYST = NO;
				SUPPORTS_MAC_DESIGNED_FOR_IPHONE_IPAD = NO;
				SUPPORTS_XR_DESIGNED_FOR_IPHONE_IPAD = NO;
				SWIFT_EMIT_LOC_STRINGS = YES;
				SWIFT_VERSION = 5.0;
				TARGETED_DEVICE_FAMILY = 1;
			};
			name = Debug;
		};
		C907166E2C512C0100A7CF55 /* Release */ = {
			isa = XCBuildConfiguration;
			buildSettings = {
				ASSETCATALOG_COMPILER_APPICON_NAME = AppIcon;
				ASSETCATALOG_COMPILER_GLOBAL_ACCENT_COLOR_NAME = AccentColor;
				CODE_SIGN_STYLE = Automatic;
				CURRENT_PROJECT_VERSION = 1;
				GENERATE_INFOPLIST_FILE = YES;
				INFOPLIST_FILE = GithubFollowers/Info.plist;
				INFOPLIST_KEY_UIApplicationSupportsIndirectInputEvents = YES;
				INFOPLIST_KEY_UILaunchStoryboardName = LaunchScreen;
				INFOPLIST_KEY_UISupportedInterfaceOrientations = UIInterfaceOrientationPortrait;
				LD_RUNPATH_SEARCH_PATHS = (
					"$(inherited)",
					"@executable_path/Frameworks",
				);
				MARKETING_VERSION = 1.0;
				PRODUCT_BUNDLE_IDENTIFIER = com.Moe.GithubFollowers;
				PRODUCT_NAME = "$(TARGET_NAME)";
				SUPPORTED_PLATFORMS = "iphoneos iphonesimulator";
				SUPPORTS_MACCATALYST = NO;
				SUPPORTS_MAC_DESIGNED_FOR_IPHONE_IPAD = NO;
				SUPPORTS_XR_DESIGNED_FOR_IPHONE_IPAD = NO;
				SWIFT_EMIT_LOC_STRINGS = YES;
				SWIFT_VERSION = 5.0;
				TARGETED_DEVICE_FAMILY = 1;
			};
			name = Release;
		};
/* End XCBuildConfiguration section */

/* Begin XCConfigurationList section */
		C90716532C512BFC00A7CF55 /* Build configuration list for PBXProject "GithubFollowers" */ = {
			isa = XCConfigurationList;
			buildConfigurations = (
				C907166A2C512C0100A7CF55 /* Debug */,
				C907166B2C512C0100A7CF55 /* Release */,
			);
			defaultConfigurationIsVisible = 0;
			defaultConfigurationName = Release;
		};
		C907166C2C512C0100A7CF55 /* Build configuration list for PBXNativeTarget "GithubFollowers" */ = {
			isa = XCConfigurationList;
			buildConfigurations = (
				C907166D2C512C0100A7CF55 /* Debug */,
				C907166E2C512C0100A7CF55 /* Release */,
			);
			defaultConfigurationIsVisible = 0;
			defaultConfigurationName = Release;
		};
/* End XCConfigurationList section */
	};
	rootObject = C90716502C512BFC00A7CF55 /* Project object */;
}
